{
    "_readme": [
        "This file locks the dependencies of your project to a known state",
        "Read more about it at http://getcomposer.org/doc/01-basic-usage.md#composer-lock-the-lock-file",
        "This file is @generated automatically"
    ],
    "hash": "b20cdd9b25d57034d2c36bf2a7e60a34",
    "packages": [
        {
            "name": "a-x-/backend",
            "version": "dev-develop",
            "source": {
                "type": "git",
                "url": "git@github.com:a-x-/backend.git",
                "reference": "d4771d85932aded7817c2ac470a6aeaeebac2a98"
            },
            "type": "library",
            "license": [
                "AGPL3"
            ],
            "authors": [
                {
                    "name": "Invntrm",
                    "email": "Invntrm@gmail.com"
                }
            ],
            "description": "Interproject backend resources",
            "time": "2014-09-08 02:27:44"
        },
        {
            "name": "phpmailer/phpmailer",
            "version": "v5.2.8",
            "source": {
                "type": "git",
                "url": "https://github.com/PHPMailer/PHPMailer.git",
                "reference": "d3802c597bff8f6c2ccfa3eab2a511aa01b8d68f"
            },
            "dist": {
                "type": "zip",
                "url": "https://api.github.com/repos/PHPMailer/PHPMailer/zipball/d3802c597bff8f6c2ccfa3eab2a511aa01b8d68f",
                "reference": "d3802c597bff8f6c2ccfa3eab2a511aa01b8d68f",
                "shasum": ""
            },
            "require": {
                "php": ">=5.0.0"
            },
            "require-dev": {
                "phpdocumentor/phpdocumentor": "*",
                "phpunit/phpunit": "4.0.*"
            },
            "type": "library",
            "autoload": {
                "classmap": [
                    "class.phpmailer.php",
                    "class.pop3.php",
                    "class.smtp.php"
                ]
            },
            "notification-url": "http://packagist.org/downloads/",
            "license": [
                "LGPL-2.1"
            ],
            "authors": [
                {
                    "name": "Jim Jagielski",
                    "email": "jimjag@gmail.com"
                },
                {
                    "name": "Marcus Bointon",
                    "email": "phpmailer@synchromedia.co.uk"
                },
                {
                    "name": "Andy Prevost",
                    "email": "codeworxtech@users.sourceforge.net"
                },
                {
                    "name": "Brent R. Matzelle"
                }
            ],
            "description": "PHPMailer is a full-featured email creation and transfer class for PHP",
            "time": "2014-05-14 07:04:18"
        },
        {
            "name": "phroute/phroute",
            "version": "v1.3.0",
            "source": {
                "type": "git",
                "url": "https://github.com/joegreen0991/phroute.git",
                "reference": "2ce7f5eee367b68cf41c796fd491811923149fa8"
            },
            "dist": {
                "type": "zip",
                "url": "https://api.github.com/repos/joegreen0991/phroute/zipball/2ce7f5eee367b68cf41c796fd491811923149fa8",
                "reference": "2ce7f5eee367b68cf41c796fd491811923149fa8",
                "shasum": ""
            },
            "require": {
                "php": ">=5.4.0"
            },
            "require-dev": {
                "satooshi/php-coveralls": "dev-master"
            },
            "type": "library",
            "autoload": {
                "psr-0": {
                    "Phroute": "src"
                }
            },
            "notification-url": "http://packagist.org/downloads/",
            "license": [
                "BSD-3-Clause"
            ],
            "authors": [
                {
                    "name": "Nikita Popov",
                    "email": "nikic@php.net"
                },
                {
                    "name": "Joe Green",
                    "email": "joe.green.0991@gmail.com"
                }
            ],
            "description": "Fast request router for PHP",
            "keywords": [
                "router",
                "routing"
            ],
            "time": "2014-08-18 21:52:08"
        }
    ],
    "packages-dev": [

    ],
    "aliases": [

    ],
    "minimum-stability": "stable",
    "stability-flags": {
        "a-x-/backend": 20
    },
    "prefer-stable": false,
    "platform": [

    ],
    "platform-dev": [

    ]
}
